
Microsoft Visual Studio Solution File, Format Version 12.00
# Visual Studio 15
VisualStudioVersion = 15.0.26621.2
MinimumVisualStudioVersion = 10.0.40219.1
Project("{9A19103F-16F7-4668-BE54-9A1E7A4F7556}") = "Crypto.Core", "Crypto.Core\Crypto.Core.csproj", "{FB555E24-AF38-409D-BF6B-9730F4631779}"
EndProject
Project("{9A19103F-16F7-4668-BE54-9A1E7A4F7556}") = "Crypto.Utils", "Crypto.Utils\Crypto.Utils.csproj", "{38EB9866-D222-4475-9256-0FC17C2A1E42}"
EndProject
Project("{9A19103F-16F7-4668-BE54-9A1E7A4F7556}") = "Crypto.Core.Tests", "Crypto.Core.Tests\Crypto.Core.Tests.csproj", "{553144A8-7679-411B-846E-CD707F81B131}"
EndProject
Project("{9A19103F-16F7-4668-BE54-9A1E7A4F7556}") = "Crypto.Utils.Tests", "Crypto.Utils.Tests\Crypto.Utils.Tests.csproj", "{D395FE85-7F03-4CD5-B3D3-9CF6A31DBFB5}"
EndProject
Project("{9A19103F-16F7-4668-BE54-9A1E7A4F7556}") = "Crypto.ASN1", "Crypto.ASN1\Crypto.ASN1.csproj", "{8DE2BA62-1AB2-45D0-8A8E-E065E492B6B3}"
EndProject
Project("{9A19103F-16F7-4668-BE54-9A1E7A4F7556}") = "Crypto.ASN1.Tests", "Crypto.ASN1.Tests\Crypto.ASN1.Tests.csproj", "{E3856069-A700-4C5C-B5D5-9E9A0732AF3B}"
EndProject
Project("{9A19103F-16F7-4668-BE54-9A1E7A4F7556}") = "Crypto.Certificates", "Crypto.Certificates\Crypto.Certificates.csproj", "{81988A3E-2BAC-4E2F-B94C-F26F38B8256C}"
EndProject
Project("{9A19103F-16F7-4668-BE54-9A1E7A4F7556}") = "Crypto.Certificates.Tests", "Crypto.Certificates.Tests\Crypto.Certificates.Tests.csproj", "{928CE6BC-66A2-45B8-B9A0-596A8D636BB8}"
EndProject
Project("{9A19103F-16F7-4668-BE54-9A1E7A4F7556}") = "Crypto.RSA", "Crypto.RSA\Crypto.RSA.csproj", "{778EF492-E2AC-4725-9198-F7DC0EA88027}"
EndProject
Project("{9A19103F-16F7-4668-BE54-9A1E7A4F7556}") = "Crypto.RSA.Tests", "Crypto.RSA.Tests\Crypto.RSA.Tests.csproj", "{92EA897E-95AA-4FC4-A9A8-9041582D444E}"
EndProject
Project("{9A19103F-16F7-4668-BE54-9A1E7A4F7556}") = "Crypto.SHA", "Crypto.SHA\Crypto.SHA.csproj", "{9CC1B4CA-BE80-4203-8AE1-079C949DC834}"
EndProject
Project("{9A19103F-16F7-4668-BE54-9A1E7A4F7556}") = "Crypto.SHA.Tests", "Crypto.SHA.Tests\Crypto.SHA.Tests.csproj", "{9714C5A3-0CA2-4AE1-B66B-94E7F3BE3FBA}"
EndProject
Project("{9A19103F-16F7-4668-BE54-9A1E7A4F7556}") = "Crypto.AES", "Crypto.AES\Crypto.AES.csproj", "{4FDB404B-AAC1-49A5-876D-B3DECA98BBAA}"
EndProject
Project("{9A19103F-16F7-4668-BE54-9A1E7A4F7556}") = "Crypto.AES.Tests", "Crypto.AES.Tests\Crypto.AES.Tests.csproj", "{D16F4438-15F4-4D89-A466-5B164BD188FC}"
EndProject
Project("{2150E333-8FDC-42A3-9474-1A3956D46DE8}") = "Core", "Core", "{41890BA4-1EAA-464A-B3D3-3502DAE6C05E}"
EndProject
Project("{2150E333-8FDC-42A3-9474-1A3956D46DE8}") = "Cryptography", "Cryptography", "{E7B7191F-F9ED-4392-89D9-227E48270D09}"
EndProject
Project("{9A19103F-16F7-4668-BE54-9A1E7A4F7556}") = "Crypto.GCM", "Crypto.GCM\Crypto.GCM.csproj", "{75069F2E-F039-4E18-BEB1-E2983DBBE6EA}"
EndProject
Project("{9A19103F-16F7-4668-BE54-9A1E7A4F7556}") = "Crypto.GCM.Tests", "Crypto.GCM.Tests\Crypto.GCM.Tests.csproj", "{555615A1-C86A-4EAC-8DD3-E1EDB4BEE6E2}"
EndProject
Project("{9A19103F-16F7-4668-BE54-9A1E7A4F7556}") = "Crypto.EC", "Crypto.EC\Crypto.EC.csproj", "{007D38C7-DC53-424B-9EEB-9E92D6436237}"
EndProject
Project("{9A19103F-16F7-4668-BE54-9A1E7A4F7556}") = "Crypto.EC.Tests", "Crypto.EC.Tests\Crypto.EC.Tests.csproj", "{60871047-AB48-46D5-915D-A1CD8B159BF0}"
EndProject
Project("{2150E333-8FDC-42A3-9474-1A3956D46DE8}") = "TLS", "TLS", "{3E6A8AE9-065E-4333-93C1-9EB8DFCFBC0C}"
EndProject
Project("{9A19103F-16F7-4668-BE54-9A1E7A4F7556}") = "Crypto.TLS", "Crypto.TLS\Crypto.TLS.csproj", "{BDFF61CB-D2C8-4D2C-9EF9-F0865E351E41}"
EndProject
Project("{9A19103F-16F7-4668-BE54-9A1E7A4F7556}") = "Crypto.TLS.Tests", "Crypto.TLS.Tests\Crypto.TLS.Tests.csproj", "{3B27666F-600B-42D2-A60F-145509700308}"
EndProject
Project("{9A19103F-16F7-4668-BE54-9A1E7A4F7556}") = "Crypto.TestProgram", "Crypto.TestProgram\Crypto.TestProgram.csproj", "{2DB90F37-BDB2-4C2F-8F28-AC03E491D9FE}"
EndProject
Project("{9A19103F-16F7-4668-BE54-9A1E7A4F7556}") = "Crypto.TLS.RSA", "Crypto.TLS.RSA\Crypto.TLS.RSA.csproj", "{2932D400-BFF0-48D7-9D00-1D9E3FB32A97}"
EndProject
Project("{9A19103F-16F7-4668-BE54-9A1E7A4F7556}") = "Crypto.TLS.RSA.Tests", "Crypto.TLS.RSA.Tests\Crypto.TLS.RSA.Tests.csproj", "{9F161DEA-13A5-4AD7-BEDD-47C1194C9AA4}"
EndProject
Project("{9A19103F-16F7-4668-BE54-9A1E7A4F7556}") = "Crypto.TLS.AES", "Crypto.TLS.AES\Crypto.TLS.AES.csproj", "{0650B3FD-7702-489E-B1AC-6DB84B4DBA95}"
EndProject
Project("{9A19103F-16F7-4668-BE54-9A1E7A4F7556}") = "Crypto.TLS.AES.Tests", "Crypto.TLS.AES.Tests\Crypto.TLS.AES.Tests.csproj", "{9A32ADD7-356A-447E-8898-55257F61C0B8}"
EndProject
Project("{9A19103F-16F7-4668-BE54-9A1E7A4F7556}") = "Crypto.TLS.SHA", "Crypto.TLS.SHA\Crypto.TLS.SHA.csproj", "{11D9141D-AE0D-4375-A0C8-1B9102B1DBDD}"
EndProject
Project("{9A19103F-16F7-4668-BE54-9A1E7A4F7556}") = "Crypto.TLS.SHA.Tests", "Crypto.TLS.SHA.Tests\Crypto.TLS.SHA.Tests.csproj", "{8016DEFE-466C-49DD-B669-7CC9074DD055}"
EndProject
Project("{9A19103F-16F7-4668-BE54-9A1E7A4F7556}") = "Crypto.TLS.GCM", "Crypto.TLS.GCM\Crypto.TLS.GCM.csproj", "{0688DC36-F4C1-4AFB-B7D1-B14737DFA36F}"
EndProject
Project("{9A19103F-16F7-4668-BE54-9A1E7A4F7556}") = "Crypto.TLS.GCM.Tests", "Crypto.TLS.GCM.Tests\Crypto.TLS.GCM.Tests.csproj", "{9EB38D21-9150-4DD8-82FA-B881E925F31A}"
EndProject
Project("{FAE04EC0-301F-11D3-BF4B-00C04F79EFBC}") = "Crypto.TLS.DH", "Crypto.TLS.DH\Crypto.TLS.DH.csproj", "{73957078-40B3-4CBD-A120-31AD4E17F341}"
EndProject
Project("{FAE04EC0-301F-11D3-BF4B-00C04F79EFBC}") = "Crypto.TLS.DH.Test", "Crypto.TLS.DH.Test\Crypto.TLS.DH.Test.csproj", "{8004CC6E-3F32-4351-BC59-423C531642F0}"
EndProject
Project("{FAE04EC0-301F-11D3-BF4B-00C04F79EFBC}") = "Crypto.TLS.KeyExchange", "Crypto.TLS.KeyExchange\Crypto.TLS.KeyExchange.csproj", "{3EB1EF1D-9E50-426B-9F71-8D842CFF6396}"
EndProject
Project("{FAE04EC0-301F-11D3-BF4B-00C04F79EFBC}") = "Crypto.TLS.KeyExchange.Tests", "Crypto.TLS.KeyExchange.Tests\Crypto.TLS.KeyExchange.Tests.csproj", "{5AA6745D-FFFC-4DB5-BA6F-53B6DCBE1CEA}"
EndProject
Project("{FAE04EC0-301F-11D3-BF4B-00C04F79EFBC}") = "Crypto.TLS.EC", "Crypto.TLS.EC\Crypto.TLS.EC.csproj", "{C9766631-544C-424D-826E-4DE6F35DAC11}"
EndProject
Project("{FAE04EC0-301F-11D3-BF4B-00C04F79EFBC}") = "Crypto.TLS.EC.Tests", "Crypto.TLS.EC.Tests\Crypto.TLS.EC.Tests.csproj", "{B8655D0D-1AAB-4C11-8E53-F793443ADB97}"
EndProject
Global
	GlobalSection(SolutionConfigurationPlatforms) = preSolution
		Debug|Any CPU = Debug|Any CPU
		Release|Any CPU = Release|Any CPU
	EndGlobalSection
	GlobalSection(ProjectConfigurationPlatforms) = postSolution
		{FB555E24-AF38-409D-BF6B-9730F4631779}.Debug|Any CPU.ActiveCfg = Debug|Any CPU
		{FB555E24-AF38-409D-BF6B-9730F4631779}.Debug|Any CPU.Build.0 = Debug|Any CPU
		{FB555E24-AF38-409D-BF6B-9730F4631779}.Release|Any CPU.ActiveCfg = Release|Any CPU
		{FB555E24-AF38-409D-BF6B-9730F4631779}.Release|Any CPU.Build.0 = Release|Any CPU
		{38EB9866-D222-4475-9256-0FC17C2A1E42}.Debug|Any CPU.ActiveCfg = Debug|Any CPU
		{38EB9866-D222-4475-9256-0FC17C2A1E42}.Debug|Any CPU.Build.0 = Debug|Any CPU
		{38EB9866-D222-4475-9256-0FC17C2A1E42}.Release|Any CPU.ActiveCfg = Release|Any CPU
		{38EB9866-D222-4475-9256-0FC17C2A1E42}.Release|Any CPU.Build.0 = Release|Any CPU
		{553144A8-7679-411B-846E-CD707F81B131}.Debug|Any CPU.ActiveCfg = Debug|Any CPU
		{553144A8-7679-411B-846E-CD707F81B131}.Debug|Any CPU.Build.0 = Debug|Any CPU
		{553144A8-7679-411B-846E-CD707F81B131}.Release|Any CPU.ActiveCfg = Release|Any CPU
		{553144A8-7679-411B-846E-CD707F81B131}.Release|Any CPU.Build.0 = Release|Any CPU
		{D395FE85-7F03-4CD5-B3D3-9CF6A31DBFB5}.Debug|Any CPU.ActiveCfg = Debug|Any CPU
		{D395FE85-7F03-4CD5-B3D3-9CF6A31DBFB5}.Debug|Any CPU.Build.0 = Debug|Any CPU
		{D395FE85-7F03-4CD5-B3D3-9CF6A31DBFB5}.Release|Any CPU.ActiveCfg = Release|Any CPU
		{D395FE85-7F03-4CD5-B3D3-9CF6A31DBFB5}.Release|Any CPU.Build.0 = Release|Any CPU
		{8DE2BA62-1AB2-45D0-8A8E-E065E492B6B3}.Debug|Any CPU.ActiveCfg = Debug|Any CPU
		{8DE2BA62-1AB2-45D0-8A8E-E065E492B6B3}.Debug|Any CPU.Build.0 = Debug|Any CPU
		{8DE2BA62-1AB2-45D0-8A8E-E065E492B6B3}.Release|Any CPU.ActiveCfg = Release|Any CPU
		{8DE2BA62-1AB2-45D0-8A8E-E065E492B6B3}.Release|Any CPU.Build.0 = Release|Any CPU
		{E3856069-A700-4C5C-B5D5-9E9A0732AF3B}.Debug|Any CPU.ActiveCfg = Debug|Any CPU
		{E3856069-A700-4C5C-B5D5-9E9A0732AF3B}.Debug|Any CPU.Build.0 = Debug|Any CPU
		{E3856069-A700-4C5C-B5D5-9E9A0732AF3B}.Release|Any CPU.ActiveCfg = Release|Any CPU
		{E3856069-A700-4C5C-B5D5-9E9A0732AF3B}.Release|Any CPU.Build.0 = Release|Any CPU
		{81988A3E-2BAC-4E2F-B94C-F26F38B8256C}.Debug|Any CPU.ActiveCfg = Debug|Any CPU
		{81988A3E-2BAC-4E2F-B94C-F26F38B8256C}.Debug|Any CPU.Build.0 = Debug|Any CPU
		{81988A3E-2BAC-4E2F-B94C-F26F38B8256C}.Release|Any CPU.ActiveCfg = Release|Any CPU
		{81988A3E-2BAC-4E2F-B94C-F26F38B8256C}.Release|Any CPU.Build.0 = Release|Any CPU
		{928CE6BC-66A2-45B8-B9A0-596A8D636BB8}.Debug|Any CPU.ActiveCfg = Debug|Any CPU
		{928CE6BC-66A2-45B8-B9A0-596A8D636BB8}.Debug|Any CPU.Build.0 = Debug|Any CPU
		{928CE6BC-66A2-45B8-B9A0-596A8D636BB8}.Release|Any CPU.ActiveCfg = Release|Any CPU
		{928CE6BC-66A2-45B8-B9A0-596A8D636BB8}.Release|Any CPU.Build.0 = Release|Any CPU
		{778EF492-E2AC-4725-9198-F7DC0EA88027}.Debug|Any CPU.ActiveCfg = Debug|Any CPU
		{778EF492-E2AC-4725-9198-F7DC0EA88027}.Debug|Any CPU.Build.0 = Debug|Any CPU
		{778EF492-E2AC-4725-9198-F7DC0EA88027}.Release|Any CPU.ActiveCfg = Release|Any CPU
		{778EF492-E2AC-4725-9198-F7DC0EA88027}.Release|Any CPU.Build.0 = Release|Any CPU
		{92EA897E-95AA-4FC4-A9A8-9041582D444E}.Debug|Any CPU.ActiveCfg = Debug|Any CPU
		{92EA897E-95AA-4FC4-A9A8-9041582D444E}.Debug|Any CPU.Build.0 = Debug|Any CPU
		{92EA897E-95AA-4FC4-A9A8-9041582D444E}.Release|Any CPU.ActiveCfg = Release|Any CPU
		{92EA897E-95AA-4FC4-A9A8-9041582D444E}.Release|Any CPU.Build.0 = Release|Any CPU
		{9CC1B4CA-BE80-4203-8AE1-079C949DC834}.Debug|Any CPU.ActiveCfg = Debug|Any CPU
		{9CC1B4CA-BE80-4203-8AE1-079C949DC834}.Debug|Any CPU.Build.0 = Debug|Any CPU
		{9CC1B4CA-BE80-4203-8AE1-079C949DC834}.Release|Any CPU.ActiveCfg = Release|Any CPU
		{9CC1B4CA-BE80-4203-8AE1-079C949DC834}.Release|Any CPU.Build.0 = Release|Any CPU
		{9714C5A3-0CA2-4AE1-B66B-94E7F3BE3FBA}.Debug|Any CPU.ActiveCfg = Debug|Any CPU
		{9714C5A3-0CA2-4AE1-B66B-94E7F3BE3FBA}.Debug|Any CPU.Build.0 = Debug|Any CPU
		{9714C5A3-0CA2-4AE1-B66B-94E7F3BE3FBA}.Release|Any CPU.ActiveCfg = Release|Any CPU
		{9714C5A3-0CA2-4AE1-B66B-94E7F3BE3FBA}.Release|Any CPU.Build.0 = Release|Any CPU
		{4FDB404B-AAC1-49A5-876D-B3DECA98BBAA}.Debug|Any CPU.ActiveCfg = Debug|Any CPU
		{4FDB404B-AAC1-49A5-876D-B3DECA98BBAA}.Debug|Any CPU.Build.0 = Debug|Any CPU
		{4FDB404B-AAC1-49A5-876D-B3DECA98BBAA}.Release|Any CPU.ActiveCfg = Release|Any CPU
		{4FDB404B-AAC1-49A5-876D-B3DECA98BBAA}.Release|Any CPU.Build.0 = Release|Any CPU
		{D16F4438-15F4-4D89-A466-5B164BD188FC}.Debug|Any CPU.ActiveCfg = Debug|Any CPU
		{D16F4438-15F4-4D89-A466-5B164BD188FC}.Debug|Any CPU.Build.0 = Debug|Any CPU
		{D16F4438-15F4-4D89-A466-5B164BD188FC}.Release|Any CPU.ActiveCfg = Release|Any CPU
		{D16F4438-15F4-4D89-A466-5B164BD188FC}.Release|Any CPU.Build.0 = Release|Any CPU
		{75069F2E-F039-4E18-BEB1-E2983DBBE6EA}.Debug|Any CPU.ActiveCfg = Debug|Any CPU
		{75069F2E-F039-4E18-BEB1-E2983DBBE6EA}.Debug|Any CPU.Build.0 = Debug|Any CPU
		{75069F2E-F039-4E18-BEB1-E2983DBBE6EA}.Release|Any CPU.ActiveCfg = Release|Any CPU
		{75069F2E-F039-4E18-BEB1-E2983DBBE6EA}.Release|Any CPU.Build.0 = Release|Any CPU
		{555615A1-C86A-4EAC-8DD3-E1EDB4BEE6E2}.Debug|Any CPU.ActiveCfg = Debug|Any CPU
		{555615A1-C86A-4EAC-8DD3-E1EDB4BEE6E2}.Debug|Any CPU.Build.0 = Debug|Any CPU
		{555615A1-C86A-4EAC-8DD3-E1EDB4BEE6E2}.Release|Any CPU.ActiveCfg = Release|Any CPU
		{555615A1-C86A-4EAC-8DD3-E1EDB4BEE6E2}.Release|Any CPU.Build.0 = Release|Any CPU
		{007D38C7-DC53-424B-9EEB-9E92D6436237}.Debug|Any CPU.ActiveCfg = Debug|Any CPU
		{007D38C7-DC53-424B-9EEB-9E92D6436237}.Debug|Any CPU.Build.0 = Debug|Any CPU
		{007D38C7-DC53-424B-9EEB-9E92D6436237}.Release|Any CPU.ActiveCfg = Release|Any CPU
		{007D38C7-DC53-424B-9EEB-9E92D6436237}.Release|Any CPU.Build.0 = Release|Any CPU
		{60871047-AB48-46D5-915D-A1CD8B159BF0}.Debug|Any CPU.ActiveCfg = Debug|Any CPU
		{60871047-AB48-46D5-915D-A1CD8B159BF0}.Debug|Any CPU.Build.0 = Debug|Any CPU
		{60871047-AB48-46D5-915D-A1CD8B159BF0}.Release|Any CPU.ActiveCfg = Release|Any CPU
		{60871047-AB48-46D5-915D-A1CD8B159BF0}.Release|Any CPU.Build.0 = Release|Any CPU
		{BDFF61CB-D2C8-4D2C-9EF9-F0865E351E41}.Debug|Any CPU.ActiveCfg = Debug|Any CPU
		{BDFF61CB-D2C8-4D2C-9EF9-F0865E351E41}.Debug|Any CPU.Build.0 = Debug|Any CPU
		{BDFF61CB-D2C8-4D2C-9EF9-F0865E351E41}.Release|Any CPU.ActiveCfg = Release|Any CPU
		{BDFF61CB-D2C8-4D2C-9EF9-F0865E351E41}.Release|Any CPU.Build.0 = Release|Any CPU
		{3B27666F-600B-42D2-A60F-145509700308}.Debug|Any CPU.ActiveCfg = Debug|Any CPU
		{3B27666F-600B-42D2-A60F-145509700308}.Debug|Any CPU.Build.0 = Debug|Any CPU
		{3B27666F-600B-42D2-A60F-145509700308}.Release|Any CPU.ActiveCfg = Release|Any CPU
		{3B27666F-600B-42D2-A60F-145509700308}.Release|Any CPU.Build.0 = Release|Any CPU
		{2DB90F37-BDB2-4C2F-8F28-AC03E491D9FE}.Debug|Any CPU.ActiveCfg = Debug|Any CPU
		{2DB90F37-BDB2-4C2F-8F28-AC03E491D9FE}.Debug|Any CPU.Build.0 = Debug|Any CPU
		{2DB90F37-BDB2-4C2F-8F28-AC03E491D9FE}.Release|Any CPU.ActiveCfg = Release|Any CPU
		{2DB90F37-BDB2-4C2F-8F28-AC03E491D9FE}.Release|Any CPU.Build.0 = Release|Any CPU
		{2932D400-BFF0-48D7-9D00-1D9E3FB32A97}.Debug|Any CPU.ActiveCfg = Debug|Any CPU
		{2932D400-BFF0-48D7-9D00-1D9E3FB32A97}.Debug|Any CPU.Build.0 = Debug|Any CPU
		{2932D400-BFF0-48D7-9D00-1D9E3FB32A97}.Release|Any CPU.ActiveCfg = Release|Any CPU
		{2932D400-BFF0-48D7-9D00-1D9E3FB32A97}.Release|Any CPU.Build.0 = Release|Any CPU
		{9F161DEA-13A5-4AD7-BEDD-47C1194C9AA4}.Debug|Any CPU.ActiveCfg = Debug|Any CPU
		{9F161DEA-13A5-4AD7-BEDD-47C1194C9AA4}.Debug|Any CPU.Build.0 = Debug|Any CPU
		{9F161DEA-13A5-4AD7-BEDD-47C1194C9AA4}.Release|Any CPU.ActiveCfg = Release|Any CPU
		{9F161DEA-13A5-4AD7-BEDD-47C1194C9AA4}.Release|Any CPU.Build.0 = Release|Any CPU
		{0650B3FD-7702-489E-B1AC-6DB84B4DBA95}.Debug|Any CPU.ActiveCfg = Debug|Any CPU
		{0650B3FD-7702-489E-B1AC-6DB84B4DBA95}.Debug|Any CPU.Build.0 = Debug|Any CPU
		{0650B3FD-7702-489E-B1AC-6DB84B4DBA95}.Release|Any CPU.ActiveCfg = Release|Any CPU
		{0650B3FD-7702-489E-B1AC-6DB84B4DBA95}.Release|Any CPU.Build.0 = Release|Any CPU
		{9A32ADD7-356A-447E-8898-55257F61C0B8}.Debug|Any CPU.ActiveCfg = Debug|Any CPU
		{9A32ADD7-356A-447E-8898-55257F61C0B8}.Debug|Any CPU.Build.0 = Debug|Any CPU
		{9A32ADD7-356A-447E-8898-55257F61C0B8}.Release|Any CPU.ActiveCfg = Release|Any CPU
		{9A32ADD7-356A-447E-8898-55257F61C0B8}.Release|Any CPU.Build.0 = Release|Any CPU
		{11D9141D-AE0D-4375-A0C8-1B9102B1DBDD}.Debug|Any CPU.ActiveCfg = Debug|Any CPU
		{11D9141D-AE0D-4375-A0C8-1B9102B1DBDD}.Debug|Any CPU.Build.0 = Debug|Any CPU
		{11D9141D-AE0D-4375-A0C8-1B9102B1DBDD}.Release|Any CPU.ActiveCfg = Release|Any CPU
		{11D9141D-AE0D-4375-A0C8-1B9102B1DBDD}.Release|Any CPU.Build.0 = Release|Any CPU
		{8016DEFE-466C-49DD-B669-7CC9074DD055}.Debug|Any CPU.ActiveCfg = Debug|Any CPU
		{8016DEFE-466C-49DD-B669-7CC9074DD055}.Debug|Any CPU.Build.0 = Debug|Any CPU
		{8016DEFE-466C-49DD-B669-7CC9074DD055}.Release|Any CPU.ActiveCfg = Release|Any CPU
		{8016DEFE-466C-49DD-B669-7CC9074DD055}.Release|Any CPU.Build.0 = Release|Any CPU
		{0688DC36-F4C1-4AFB-B7D1-B14737DFA36F}.Debug|Any CPU.ActiveCfg = Debug|Any CPU
		{0688DC36-F4C1-4AFB-B7D1-B14737DFA36F}.Debug|Any CPU.Build.0 = Debug|Any CPU
		{0688DC36-F4C1-4AFB-B7D1-B14737DFA36F}.Release|Any CPU.ActiveCfg = Release|Any CPU
		{0688DC36-F4C1-4AFB-B7D1-B14737DFA36F}.Release|Any CPU.Build.0 = Release|Any CPU
		{9EB38D21-9150-4DD8-82FA-B881E925F31A}.Debug|Any CPU.ActiveCfg = Debug|Any CPU
		{9EB38D21-9150-4DD8-82FA-B881E925F31A}.Debug|Any CPU.Build.0 = Debug|Any CPU
		{9EB38D21-9150-4DD8-82FA-B881E925F31A}.Release|Any CPU.ActiveCfg = Release|Any CPU
		{9EB38D21-9150-4DD8-82FA-B881E925F31A}.Release|Any CPU.Build.0 = Release|Any CPU
		{73957078-40B3-4CBD-A120-31AD4E17F341}.Debug|Any CPU.ActiveCfg = Debug|Any CPU
		{73957078-40B3-4CBD-A120-31AD4E17F341}.Debug|Any CPU.Build.0 = Debug|Any CPU
		{73957078-40B3-4CBD-A120-31AD4E17F341}.Release|Any CPU.ActiveCfg = Release|Any CPU
		{73957078-40B3-4CBD-A120-31AD4E17F341}.Release|Any CPU.Build.0 = Release|Any CPU
		{8004CC6E-3F32-4351-BC59-423C531642F0}.Debug|Any CPU.ActiveCfg = Debug|Any CPU
		{8004CC6E-3F32-4351-BC59-423C531642F0}.Debug|Any CPU.Build.0 = Debug|Any CPU
		{8004CC6E-3F32-4351-BC59-423C531642F0}.Release|Any CPU.ActiveCfg = Release|Any CPU
		{8004CC6E-3F32-4351-BC59-423C531642F0}.Release|Any CPU.Build.0 = Release|Any CPU
		{3EB1EF1D-9E50-426B-9F71-8D842CFF6396}.Debug|Any CPU.ActiveCfg = Debug|Any CPU
		{3EB1EF1D-9E50-426B-9F71-8D842CFF6396}.Debug|Any CPU.Build.0 = Debug|Any CPU
		{3EB1EF1D-9E50-426B-9F71-8D842CFF6396}.Release|Any CPU.ActiveCfg = Release|Any CPU
		{3EB1EF1D-9E50-426B-9F71-8D842CFF6396}.Release|Any CPU.Build.0 = Release|Any CPU
		{5AA6745D-FFFC-4DB5-BA6F-53B6DCBE1CEA}.Debug|Any CPU.ActiveCfg = Debug|Any CPU
		{5AA6745D-FFFC-4DB5-BA6F-53B6DCBE1CEA}.Debug|Any CPU.Build.0 = Debug|Any CPU
		{5AA6745D-FFFC-4DB5-BA6F-53B6DCBE1CEA}.Release|Any CPU.ActiveCfg = Release|Any CPU
		{5AA6745D-FFFC-4DB5-BA6F-53B6DCBE1CEA}.Release|Any CPU.Build.0 = Release|Any CPU
		{C9766631-544C-424D-826E-4DE6F35DAC11}.Debug|Any CPU.ActiveCfg = Debug|Any CPU
		{C9766631-544C-424D-826E-4DE6F35DAC11}.Debug|Any CPU.Build.0 = Debug|Any CPU
		{C9766631-544C-424D-826E-4DE6F35DAC11}.Release|Any CPU.ActiveCfg = Release|Any CPU
		{C9766631-544C-424D-826E-4DE6F35DAC11}.Release|Any CPU.Build.0 = Release|Any CPU
		{B8655D0D-1AAB-4C11-8E53-F793443ADB97}.Debug|Any CPU.ActiveCfg = Debug|Any CPU
		{B8655D0D-1AAB-4C11-8E53-F793443ADB97}.Debug|Any CPU.Build.0 = Debug|Any CPU
		{B8655D0D-1AAB-4C11-8E53-F793443ADB97}.Release|Any CPU.ActiveCfg = Release|Any CPU
		{B8655D0D-1AAB-4C11-8E53-F793443ADB97}.Release|Any CPU.Build.0 = Release|Any CPU
	EndGlobalSection
	GlobalSection(SolutionProperties) = preSolution
		HideSolutionNode = FALSE
	EndGlobalSection
	GlobalSection(NestedProjects) = preSolution
		{FB555E24-AF38-409D-BF6B-9730F4631779} = {41890BA4-1EAA-464A-B3D3-3502DAE6C05E}
		{38EB9866-D222-4475-9256-0FC17C2A1E42} = {41890BA4-1EAA-464A-B3D3-3502DAE6C05E}
		{553144A8-7679-411B-846E-CD707F81B131} = {41890BA4-1EAA-464A-B3D3-3502DAE6C05E}
		{D395FE85-7F03-4CD5-B3D3-9CF6A31DBFB5} = {41890BA4-1EAA-464A-B3D3-3502DAE6C05E}
		{8DE2BA62-1AB2-45D0-8A8E-E065E492B6B3} = {41890BA4-1EAA-464A-B3D3-3502DAE6C05E}
		{E3856069-A700-4C5C-B5D5-9E9A0732AF3B} = {41890BA4-1EAA-464A-B3D3-3502DAE6C05E}
		{81988A3E-2BAC-4E2F-B94C-F26F38B8256C} = {41890BA4-1EAA-464A-B3D3-3502DAE6C05E}
		{928CE6BC-66A2-45B8-B9A0-596A8D636BB8} = {41890BA4-1EAA-464A-B3D3-3502DAE6C05E}
		{778EF492-E2AC-4725-9198-F7DC0EA88027} = {E7B7191F-F9ED-4392-89D9-227E48270D09}
		{92EA897E-95AA-4FC4-A9A8-9041582D444E} = {E7B7191F-F9ED-4392-89D9-227E48270D09}
		{9CC1B4CA-BE80-4203-8AE1-079C949DC834} = {E7B7191F-F9ED-4392-89D9-227E48270D09}
		{9714C5A3-0CA2-4AE1-B66B-94E7F3BE3FBA} = {E7B7191F-F9ED-4392-89D9-227E48270D09}
		{4FDB404B-AAC1-49A5-876D-B3DECA98BBAA} = {E7B7191F-F9ED-4392-89D9-227E48270D09}
		{D16F4438-15F4-4D89-A466-5B164BD188FC} = {E7B7191F-F9ED-4392-89D9-227E48270D09}
		{75069F2E-F039-4E18-BEB1-E2983DBBE6EA} = {E7B7191F-F9ED-4392-89D9-227E48270D09}
		{555615A1-C86A-4EAC-8DD3-E1EDB4BEE6E2} = {E7B7191F-F9ED-4392-89D9-227E48270D09}
		{007D38C7-DC53-424B-9EEB-9E92D6436237} = {E7B7191F-F9ED-4392-89D9-227E48270D09}
		{60871047-AB48-46D5-915D-A1CD8B159BF0} = {E7B7191F-F9ED-4392-89D9-227E48270D09}
		{BDFF61CB-D2C8-4D2C-9EF9-F0865E351E41} = {3E6A8AE9-065E-4333-93C1-9EB8DFCFBC0C}
		{3B27666F-600B-42D2-A60F-145509700308} = {3E6A8AE9-065E-4333-93C1-9EB8DFCFBC0C}
		{2932D400-BFF0-48D7-9D00-1D9E3FB32A97} = {3E6A8AE9-065E-4333-93C1-9EB8DFCFBC0C}
		{9F161DEA-13A5-4AD7-BEDD-47C1194C9AA4} = {3E6A8AE9-065E-4333-93C1-9EB8DFCFBC0C}
		{0650B3FD-7702-489E-B1AC-6DB84B4DBA95} = {3E6A8AE9-065E-4333-93C1-9EB8DFCFBC0C}
		{9A32ADD7-356A-447E-8898-55257F61C0B8} = {3E6A8AE9-065E-4333-93C1-9EB8DFCFBC0C}
		{11D9141D-AE0D-4375-A0C8-1B9102B1DBDD} = {3E6A8AE9-065E-4333-93C1-9EB8DFCFBC0C}
		{8016DEFE-466C-49DD-B669-7CC9074DD055} = {3E6A8AE9-065E-4333-93C1-9EB8DFCFBC0C}
		{0688DC36-F4C1-4AFB-B7D1-B14737DFA36F} = {3E6A8AE9-065E-4333-93C1-9EB8DFCFBC0C}
		{9EB38D21-9150-4DD8-82FA-B881E925F31A} = {3E6A8AE9-065E-4333-93C1-9EB8DFCFBC0C}
		{73957078-40B3-4CBD-A120-31AD4E17F341} = {3E6A8AE9-065E-4333-93C1-9EB8DFCFBC0C}
		{8004CC6E-3F32-4351-BC59-423C531642F0} = {3E6A8AE9-065E-4333-93C1-9EB8DFCFBC0C}
		{3EB1EF1D-9E50-426B-9F71-8D842CFF6396} = {3E6A8AE9-065E-4333-93C1-9EB8DFCFBC0C}
		{5AA6745D-FFFC-4DB5-BA6F-53B6DCBE1CEA} = {3E6A8AE9-065E-4333-93C1-9EB8DFCFBC0C}
		{C9766631-544C-424D-826E-4DE6F35DAC11} = {3E6A8AE9-065E-4333-93C1-9EB8DFCFBC0C}
		{B8655D0D-1AAB-4C11-8E53-F793443ADB97} = {3E6A8AE9-065E-4333-93C1-9EB8DFCFBC0C}
	EndGlobalSection
	GlobalSection(ExtensibilityGlobals) = postSolution
		SolutionGuid = {AF40AD7D-96C7-42D9-94C2-7A43FD565CF9}
	EndGlobalSection
EndGlobal
